ubuntu@PF17J61Q:/mnt/c/datos/UNIR/devopscp2/terraform$ terraform apply

Terraform used the selected providers to generate the following execution plan. Resource actions are indicated with the following symbols:
  + create

Terraform will perform the following actions:

  # azurerm_linux_virtual_machine.masterVM will be created
  + resource "azurerm_linux_virtual_machine" "masterVM" {
      + admin_username                  = "adminUsername"
      + allow_extension_operations      = true
      + computer_name                   = (known after apply)
      + disable_password_authentication = true
      + extensions_time_budget          = "PT1H30M"
      + id                              = (known after apply)
      + location                        = "westeurope"
      + max_bid_price                   = -1
      + name                            = "master-vm"
      + network_interface_ids           = (known after apply)
      + priority                        = "Regular"
      + private_ip_address              = (known after apply)
      + private_ip_addresses            = (known after apply)
      + provision_vm_agent              = true
      + public_ip_address               = (known after apply)
      + public_ip_addresses             = (known after apply)
      + resource_group_name             = "CP2"
      + size                            = "Standard_D2_v2"
      + tags                            = {
          + "environment" = "UNIR CP2"
          + "node"        = "MASTER"
        }
      + virtual_machine_id              = (known after apply)
      + zone                            = (known after apply)

      + admin_ssh_key {
          + public_key = <<-EOT
                ssh-rsa AAAAB3NzaC1yc2EAAAADAQABAAABgQDOHk5SSg/TkgkAETtDRdBxE3a5PRT7rf3Y1iSXxrC2FIFFvO5tAowQ6trAU9zsx3ee3KaGzgrTOfM/UAn4ma5HaxkB8jeeQBtfGJgsk4HYDs3Kz+YRvR2w0tSKMntVgwzmraipojOe1v7CteTc/eKKN7GDP0VQ2jokzWKR+1BtY5f4neJX+X3RPze2JGTZAP086KP4WdwxSFryQkVHz6RsRHhm548+LIPqjMrZo9J8Ff/hnD/Yi+IylIjluBcFNM50RwxuRU2zb7LpXK8Y2QquX127wsCffSQTCjBxtnrGjsuysMhOFCR4xPry/LvnyLGNQ6g7XpmUybSL0XhNHsKjfy+Bt2suE+7ifPcp4O1SdUUunhM0sX3Ms618B++CQ/gtfccDrR9rAyBsysEQSpr9XoQYXzt587bM78XCyxNZLp9CFNmkARAGns87Vfeg2ygSWj3OWhZJ+oRObQOA2unRLjXm1+LNfFuo2bzMOVqce1KKbDfCYXCyB8cBgU/wo7s= juanmanuel.orgaz@PF17J61Q
            EOT
          + username   = "adminUsername"
        }

      + boot_diagnostics {
          + storage_account_uri = (known after apply)
        }

      + os_disk {
          + caching                   = "ReadWrite"
          + disk_size_gb              = (known after apply)
          + name                      = (known after apply)
          + storage_account_type      = "Standard_LRS"
          + write_accelerator_enabled = false
        }

      + plan {
          + name      = "centos-8-stream-free"
          + product   = "centos-8-stream-free"
          + publisher = "cognosys"
        }

      + source_image_reference {
          + offer     = "centos-8-stream-free"
          + publisher = "cognosys"
          + sku       = "centos-8-stream-free"
          + version   = "1.2019.0810"
        }
    }

  # azurerm_linux_virtual_machine.nfsVM will be created
  + resource "azurerm_linux_virtual_machine" "nfsVM" {
      + admin_username                  = "adminUsername"
      + allow_extension_operations      = true
      + computer_name                   = (known after apply)
      + disable_password_authentication = true
      + extensions_time_budget          = "PT1H30M"
      + id                              = (known after apply)
      + location                        = "westeurope"
      + max_bid_price                   = -1
      + name                            = "NFS-vm"
      + network_interface_ids           = (known after apply)
      + priority                        = "Regular"
      + private_ip_address              = (known after apply)
      + private_ip_addresses            = (known after apply)
      + provision_vm_agent              = true
      + public_ip_address               = (known after apply)
      + public_ip_addresses             = (known after apply)
      + resource_group_name             = "CP2"
      + size                            = "Standard_D1_v2"
      + tags                            = {
          + "environment" = "UNIR CP2"
          + "node"        = "NFS"
        }
      + virtual_machine_id              = (known after apply)
      + zone                            = (known after apply)

      + admin_ssh_key {
          + public_key = <<-EOT
                ssh-rsa AAAAB3NzaC1yc2EAAAADAQABAAABgQDOHk5SSg/TkgkAETtDRdBxE3a5PRT7rf3Y1iSXxrC2FIFFvO5tAowQ6trAU9zsx3ee3KaGzgrTOfM/UAn4ma5HaxkB8jeeQBtfGJgsk4HYDs3Kz+YRvR2w0tSKMntVgwzmraipojOe1v7CteTc/eKKN7GDP0VQ2jokzWKR+1BtY5f4neJX+X3RPze2JGTZAP086KP4WdwxSFryQkVHz6RsRHhm548+LIPqjMrZo9J8Ff/hnD/Yi+IylIjluBcFNM50RwxuRU2zb7LpXK8Y2QquX127wsCffSQTCjBxtnrGjsuysMhOFCR4xPry/LvnyLGNQ6g7XpmUybSL0XhNHsKjfy+Bt2suE+7ifPcp4O1SdUUunhM0sX3Ms618B++CQ/gtfccDrR9rAyBsysEQSpr9XoQYXzt587bM78XCyxNZLp9CFNmkARAGns87Vfeg2ygSWj3OWhZJ+oRObQOA2unRLjXm1+LNfFuo2bzMOVqce1KKbDfCYXCyB8cBgU/wo7s= juanmanuel.orgaz@PF17J61Q
            EOT
          + username   = "adminUsername"
        }

      + boot_diagnostics {
          + storage_account_uri = (known after apply)
        }

      + os_disk {
          + caching                   = "ReadWrite"
          + disk_size_gb              = (known after apply)
          + name                      = (known after apply)
          + storage_account_type      = "Standard_LRS"
          + write_accelerator_enabled = false
        }

      + plan {
          + name      = "centos-8-stream-free"
          + product   = "centos-8-stream-free"
          + publisher = "cognosys"
        }

      + source_image_reference {
          + offer     = "centos-8-stream-free"
          + publisher = "cognosys"
          + sku       = "centos-8-stream-free"
          + version   = "1.2019.0810"
        }
    }

  # azurerm_linux_virtual_machine.worker1VM will be created
  + resource "azurerm_linux_virtual_machine" "worker1VM" {
      + admin_username                  = "adminUsername"
      + allow_extension_operations      = true
      + computer_name                   = (known after apply)
      + disable_password_authentication = true
      + extensions_time_budget          = "PT1H30M"
      + id                              = (known after apply)
      + location                        = "westeurope"
      + max_bid_price                   = -1
      + name                            = "worker1-vm"
      + network_interface_ids           = (known after apply)
      + priority                        = "Regular"
      + private_ip_address              = (known after apply)
      + private_ip_addresses            = (known after apply)
      + provision_vm_agent              = true
      + public_ip_address               = (known after apply)
      + public_ip_addresses             = (known after apply)
      + resource_group_name             = "CP2"
      + size                            = "Standard_D1_v2"
      + tags                            = {
          + "environment" = "UNIR CP2"
          + "node"        = "WORKER 1"
        }
      + virtual_machine_id              = (known after apply)
      + zone                            = (known after apply)

      + admin_ssh_key {
          + public_key = <<-EOT
                ssh-rsa AAAAB3NzaC1yc2EAAAADAQABAAABgQDOHk5SSg/TkgkAETtDRdBxE3a5PRT7rf3Y1iSXxrC2FIFFvO5tAowQ6trAU9zsx3ee3KaGzgrTOfM/UAn4ma5HaxkB8jeeQBtfGJgsk4HYDs3Kz+YRvR2w0tSKMntVgwzmraipojOe1v7CteTc/eKKN7GDP0VQ2jokzWKR+1BtY5f4neJX+X3RPze2JGTZAP086KP4WdwxSFryQkVHz6RsRHhm548+LIPqjMrZo9J8Ff/hnD/Yi+IylIjluBcFNM50RwxuRU2zb7LpXK8Y2QquX127wsCffSQTCjBxtnrGjsuysMhOFCR4xPry/LvnyLGNQ6g7XpmUybSL0XhNHsKjfy+Bt2suE+7ifPcp4O1SdUUunhM0sX3Ms618B++CQ/gtfccDrR9rAyBsysEQSpr9XoQYXzt587bM78XCyxNZLp9CFNmkARAGns87Vfeg2ygSWj3OWhZJ+oRObQOA2unRLjXm1+LNfFuo2bzMOVqce1KKbDfCYXCyB8cBgU/wo7s= juanmanuel.orgaz@PF17J61Q
            EOT
          + username   = "adminUsername"
        }

      + boot_diagnostics {
          + storage_account_uri = (known after apply)
        }

      + os_disk {
          + caching                   = "ReadWrite"
          + disk_size_gb              = (known after apply)
          + name                      = (known after apply)
          + storage_account_type      = "Standard_LRS"
          + write_accelerator_enabled = false
        }

      + plan {
          + name      = "centos-8-stream-free"
          + product   = "centos-8-stream-free"
          + publisher = "cognosys"
        }

      + source_image_reference {
          + offer     = "centos-8-stream-free"
          + publisher = "cognosys"
          + sku       = "centos-8-stream-free"
          + version   = "1.2019.0810"
        }
    }

  # azurerm_network_interface.masterNic will be created
  + resource "azurerm_network_interface" "masterNic" {
      + applied_dns_servers           = (known after apply)
      + dns_servers                   = (known after apply)
      + enable_accelerated_networking = false
      + enable_ip_forwarding          = false
      + id                            = (known after apply)
      + internal_dns_name_label       = (known after apply)
      + internal_domain_name_suffix   = (known after apply)
      + location                      = "westeurope"
      + mac_address                   = (known after apply)
      + name                          = "master_nic1"
      + private_ip_address            = (known after apply)
      + private_ip_addresses          = (known after apply)
      + resource_group_name           = "CP2"
      + tags                          = {
          + "environment" = "UNIR CP2"
          + "node"        = "MASTER"
        }
      + virtual_machine_id            = (known after apply)

      + ip_configuration {
          + name                          = "master_ipconfiguration"
          + primary                       = (known after apply)
          + private_ip_address            = "10.0.1.10"
          + private_ip_address_allocation = "static"
          + private_ip_address_version    = "IPv4"
          + public_ip_address_id          = (known after apply)
          + subnet_id                     = (known after apply)
        }
    }

  # azurerm_network_interface.nfsNic will be created
  + resource "azurerm_network_interface" "nfsNic" {
      + applied_dns_servers           = (known after apply)
      + dns_servers                   = (known after apply)
      + enable_accelerated_networking = false
      + enable_ip_forwarding          = false
      + id                            = (known after apply)
      + internal_dns_name_label       = (known after apply)
      + internal_domain_name_suffix   = (known after apply)
      + location                      = "westeurope"
      + mac_address                   = (known after apply)
      + name                          = "nfs_nic1"
      + private_ip_address            = (known after apply)
      + private_ip_addresses          = (known after apply)
      + resource_group_name           = "CP2"
      + tags                          = {
          + "environment" = "UNIR CP2"
          + "node"        = "NFS"
        }
      + virtual_machine_id            = (known after apply)

      + ip_configuration {
          + name                          = "nfs_ipconfiguration"
          + primary                       = (known after apply)
          + private_ip_address            = "10.0.1.13"
          + private_ip_address_allocation = "static"
          + private_ip_address_version    = "IPv4"
          + public_ip_address_id          = (known after apply)
          + subnet_id                     = (known after apply)
        }
    }

  # azurerm_network_interface.worker1Nic will be created
  + resource "azurerm_network_interface" "worker1Nic" {
      + applied_dns_servers           = (known after apply)
      + dns_servers                   = (known after apply)
      + enable_accelerated_networking = false
      + enable_ip_forwarding          = false
      + id                            = (known after apply)
      + internal_dns_name_label       = (known after apply)
      + internal_domain_name_suffix   = (known after apply)
      + location                      = "westeurope"
      + mac_address                   = (known after apply)
      + name                          = "worker1_nic1"
      + private_ip_address            = (known after apply)
      + private_ip_addresses          = (known after apply)
      + resource_group_name           = "CP2"
      + tags                          = {
          + "environment" = "UNIR CP2"
          + "node"        = "WORKER 1"
        }
      + virtual_machine_id            = (known after apply)

      + ip_configuration {
          + name                          = "worker1_ipconfiguration"
          + primary                       = (known after apply)
          + private_ip_address            = "10.0.1.11"
          + private_ip_address_allocation = "static"
          + private_ip_address_version    = "IPv4"
          + public_ip_address_id          = (known after apply)
          + subnet_id                     = (known after apply)
        }
    }

  # azurerm_network_interface_security_group_association.masterSecGroupAssociation will be created
  + resource "azurerm_network_interface_security_group_association" "masterSecGroupAssociation" {
      + id                        = (known after apply)
      + network_interface_id      = (known after apply)
      + network_security_group_id = (known after apply)
    }

  # azurerm_network_interface_security_group_association.nfsSecGroupAssociation will be created
  + resource "azurerm_network_interface_security_group_association" "nfsSecGroupAssociation" {
      + id                        = (known after apply)
      + network_interface_id      = (known after apply)
      + network_security_group_id = (known after apply)
    }

  # azurerm_network_interface_security_group_association.worker1SecGroupAssociation will be created
  + resource "azurerm_network_interface_security_group_association" "worker1SecGroupAssociation" {
      + id                        = (known after apply)
      + network_interface_id      = (known after apply)
      + network_security_group_id = (known after apply)
    }

  # azurerm_network_security_group.masterSecGroup will be created
  + resource "azurerm_network_security_group" "masterSecGroup" {
      + id                  = (known after apply)
      + location            = "westeurope"
      + name                = "master_sshtraffic"
      + resource_group_name = "CP2"
      + security_rule       = [
          + {
              + access                                     = "Allow"
              + description                                = ""
              + destination_address_prefix                 = "*"
              + destination_address_prefixes               = []
              + destination_application_security_group_ids = []
              + destination_port_range                     = "*"
              + destination_port_ranges                    = []
              + direction                                  = "Inbound"
              + name                                       = "IN"
              + priority                                   = 1002
              + protocol                                   = "Tcp"
              + source_address_prefix                      = "10.0.1.0/24"
              + source_address_prefixes                    = []
              + source_application_security_group_ids      = []
              + source_port_range                          = "*"
              + source_port_ranges                         = []
            },
          + {
              + access                                     = "Allow"
              + description                                = ""
              + destination_address_prefix                 = "*"
              + destination_address_prefixes               = []
              + destination_application_security_group_ids = []
              + destination_port_range                     = "22"
              + destination_port_ranges                    = []
              + direction                                  = "Inbound"
              + name                                       = "SSH"
              + priority                                   = 1001
              + protocol                                   = "Tcp"
              + source_address_prefix                      = "*"
              + source_address_prefixes                    = []
              + source_application_security_group_ids      = []
              + source_port_range                          = "*"
              + source_port_ranges                         = []
            },
        ]
      + tags                = {
          + "environment" = "UNIR CP2"
          + "node"        = "MASTER"
        }
    }

  # azurerm_network_security_group.nfsSecGroup will be created
  + resource "azurerm_network_security_group" "nfsSecGroup" {
      + id                  = (known after apply)
      + location            = "westeurope"
      + name                = "nfs_sshtraffic"
      + resource_group_name = "CP2"
      + security_rule       = [
          + {
              + access                                     = "Allow"
              + description                                = ""
              + destination_address_prefix                 = "*"
              + destination_address_prefixes               = []
              + destination_application_security_group_ids = []
              + destination_port_range                     = "*"
              + destination_port_ranges                    = []
              + direction                                  = "Inbound"
              + name                                       = "IN"
              + priority                                   = 1002
              + protocol                                   = "Tcp"
              + source_address_prefix                      = "10.0.1.0/24"
              + source_address_prefixes                    = []
              + source_application_security_group_ids      = []
              + source_port_range                          = "*"
              + source_port_ranges                         = []
            },
          + {
              + access                                     = "Allow"
              + description                                = ""
              + destination_address_prefix                 = "*"
              + destination_address_prefixes               = []
              + destination_application_security_group_ids = []
              + destination_port_range                     = "22"
              + destination_port_ranges                    = []
              + direction                                  = "Inbound"
              + name                                       = "SSH"
              + priority                                   = 1001
              + protocol                                   = "Tcp"
              + source_address_prefix                      = "*"
              + source_address_prefixes                    = []
              + source_application_security_group_ids      = []
              + source_port_range                          = "*"
              + source_port_ranges                         = []
            },
        ]
      + tags                = {
          + "environment" = "UNIR CP2"
          + "node"        = "NFS"
        }
    }

  # azurerm_network_security_group.worker1SecGroup will be created
  + resource "azurerm_network_security_group" "worker1SecGroup" {
      + id                  = (known after apply)
      + location            = "westeurope"
      + name                = "worker1_sshtraffic"
      + resource_group_name = "CP2"
      + security_rule       = [
          + {
              + access                                     = "Allow"
              + description                                = ""
              + destination_address_prefix                 = "*"
              + destination_address_prefixes               = []
              + destination_application_security_group_ids = []
              + destination_port_range                     = "*"
              + destination_port_ranges                    = []
              + direction                                  = "Inbound"
              + name                                       = "IN"
              + priority                                   = 1002
              + protocol                                   = "Tcp"
              + source_address_prefix                      = "10.0.1.0/24"
              + source_address_prefixes                    = []
              + source_application_security_group_ids      = []
              + source_port_range                          = "*"
              + source_port_ranges                         = []
            },
          + {
              + access                                     = "Allow"
              + description                                = ""
              + destination_address_prefix                 = "*"
              + destination_address_prefixes               = []
              + destination_application_security_group_ids = []
              + destination_port_range                     = "22"
              + destination_port_ranges                    = []
              + direction                                  = "Inbound"
              + name                                       = "SSH"
              + priority                                   = 1001
              + protocol                                   = "Tcp"
              + source_address_prefix                      = "*"
              + source_address_prefixes                    = []
              + source_application_security_group_ids      = []
              + source_port_range                          = "*"
              + source_port_ranges                         = []
            },
        ]
      + tags                = {
          + "environment" = "UNIR CP2"
          + "node"        = "WORKER 1"
        }
    }

  # azurerm_public_ip.masterPublicIp will be created
  + resource "azurerm_public_ip" "masterPublicIp" {
      + allocation_method       = "Dynamic"
      + fqdn                    = (known after apply)
      + id                      = (known after apply)
      + idle_timeout_in_minutes = 4
      + ip_address              = (known after apply)
      + ip_version              = "IPv4"
      + location                = "westeurope"
      + name                    = "master_Public_Ip"
      + resource_group_name     = "CP2"
      + sku                     = "Basic"
      + tags                    = {
          + "environment" = "UNIR CP2"
          + "node"        = "MASTER"
        }
    }

  # azurerm_public_ip.nfsPublicIp will be created
  + resource "azurerm_public_ip" "nfsPublicIp" {
      + allocation_method       = "Dynamic"
      + fqdn                    = (known after apply)
      + id                      = (known after apply)
      + idle_timeout_in_minutes = 4
      + ip_address              = (known after apply)
      + ip_version              = "IPv4"
      + location                = "westeurope"
      + name                    = "nfs_Public_Ip"
      + resource_group_name     = "CP2"
      + sku                     = "Basic"
      + tags                    = {
          + "environment" = "UNIR CP2"
          + "node"        = "NFS"
        }
    }

  # azurerm_public_ip.worker1PublicIp will be created
  + resource "azurerm_public_ip" "worker1PublicIp" {
      + allocation_method       = "Dynamic"
      + fqdn                    = (known after apply)
      + id                      = (known after apply)
      + idle_timeout_in_minutes = 4
      + ip_address              = (known after apply)
      + ip_version              = "IPv4"
      + location                = "westeurope"
      + name                    = "worker1_Public_Ip"
      + resource_group_name     = "CP2"
      + sku                     = "Basic"
      + tags                    = {
          + "environment" = "UNIR CP2"
          + "node"        = "WORKER 1"
        }
    }

  # azurerm_resource_group.rg will be created
  + resource "azurerm_resource_group" "rg" {
      + id       = (known after apply)
      + location = "westeurope"
      + name     = "CP2"
      + tags     = {
          + "environment" = "UNIR CP2"
        }
    }

  # azurerm_storage_account.stAccount will be created
  + resource "azurerm_storage_account" "stAccount" {
      + access_tier                      = (known after apply)
      + account_kind                     = "StorageV2"
      + account_replication_type         = "LRS"
      + account_tier                     = "Standard"
      + allow_blob_public_access         = false
      + enable_https_traffic_only        = true
      + id                               = (known after apply)
      + is_hns_enabled                   = false
      + large_file_share_enabled         = (known after apply)
      + location                         = "westeurope"
      + min_tls_version                  = "TLS1_0"
      + name                             = "storageaccountcp2"
      + primary_access_key               = (sensitive value)
      + primary_blob_connection_string   = (sensitive value)
      + primary_blob_endpoint            = (known after apply)
      + primary_blob_host                = (known after apply)
      + primary_connection_string        = (sensitive value)
      + primary_dfs_endpoint             = (known after apply)
      + primary_dfs_host                 = (known after apply)
      + primary_file_endpoint            = (known after apply)
      + primary_file_host                = (known after apply)
      + primary_location                 = (known after apply)
      + primary_queue_endpoint           = (known after apply)
      + primary_queue_host               = (known after apply)
      + primary_table_endpoint           = (known after apply)
      + primary_table_host               = (known after apply)
      + primary_web_endpoint             = (known after apply)
      + primary_web_host                 = (known after apply)
      + resource_group_name              = "CP2"
      + secondary_access_key             = (sensitive value)
      + secondary_blob_connection_string = (sensitive value)
      + secondary_blob_endpoint          = (known after apply)
      + secondary_blob_host              = (known after apply)
      + secondary_connection_string      = (sensitive value)
      + secondary_dfs_endpoint           = (known after apply)
      + secondary_dfs_host               = (known after apply)
      + secondary_file_endpoint          = (known after apply)
      + secondary_file_host              = (known after apply)
      + secondary_location               = (known after apply)
      + secondary_queue_endpoint         = (known after apply)
      + secondary_queue_host             = (known after apply)
      + secondary_table_endpoint         = (known after apply)
      + secondary_table_host             = (known after apply)
      + secondary_web_endpoint           = (known after apply)
      + secondary_web_host               = (known after apply)
      + tags                             = {
          + "environment" = "UNIR CP2"
        }

      + blob_properties {
          + cors_rule {
              + allowed_headers    = (known after apply)
              + allowed_methods    = (known after apply)
              + allowed_origins    = (known after apply)
              + exposed_headers    = (known after apply)
              + max_age_in_seconds = (known after apply)
            }

          + delete_retention_policy {
              + days = (known after apply)
            }
        }

      + identity {
          + principal_id = (known after apply)
          + tenant_id    = (known after apply)
          + type         = (known after apply)
        }

      + network_rules {
          + bypass                     = (known after apply)
          + default_action             = (known after apply)
          + ip_rules                   = (known after apply)
          + virtual_network_subnet_ids = (known after apply)
        }

      + queue_properties {
          + cors_rule {
              + allowed_headers    = (known after apply)
              + allowed_methods    = (known after apply)
              + allowed_origins    = (known after apply)
              + exposed_headers    = (known after apply)
              + max_age_in_seconds = (known after apply)
            }

          + hour_metrics {
              + enabled               = (known after apply)
              + include_apis          = (known after apply)
              + retention_policy_days = (known after apply)
              + version               = (known after apply)
            }

          + logging {
              + delete                = (known after apply)
              + read                  = (known after apply)
              + retention_policy_days = (known after apply)
              + version               = (known after apply)
              + write                 = (known after apply)
            }

          + minute_metrics {
              + enabled               = (known after apply)
              + include_apis          = (known after apply)
              + retention_policy_days = (known after apply)
              + version               = (known after apply)
            }
        }
    }

  # azurerm_subnet.kubernetessubnet will be created
  + resource "azurerm_subnet" "kubernetessubnet" {
      + address_prefix                                 = (known after apply)
      + address_prefixes                               = [
          + "10.0.1.0/24",
        ]
      + enforce_private_link_endpoint_network_policies = false
      + enforce_private_link_service_network_policies  = false
      + id                                             = (known after apply)
      + name                                           = "CP2subnet"
      + resource_group_name                            = "CP2"
      + virtual_network_name                           = "CP2net"
    }

  # azurerm_virtual_network.kubernetesnet will be created
  + resource "azurerm_virtual_network" "kubernetesnet" {
      + address_space         = [
          + "10.0.0.0/16",
        ]
      + guid                  = (known after apply)
      + id                    = (known after apply)
      + location              = "westeurope"
      + name                  = "CP2net"
      + resource_group_name   = "CP2"
      + subnet                = (known after apply)
      + tags                  = {
          + "environment" = "UNIR CP2"
        }
      + vm_protection_enabled = false
    }

Plan: 19 to add, 0 to change, 0 to destroy.

Changes to Outputs:
  + network_interface_master  = (known after apply)
  + network_interface_nfs     = (known after apply)
  + network_interface_worker1 = (known after apply)
  + public_ip_address_master  = (known after apply)
  + public_ip_address_nfs     = (known after apply)
  + public_ip_address_worker1 = (known after apply)

Do you want to perform these actions?
  Terraform will perform the actions described above.
  Only 'yes' will be accepted to approve.

  Enter a value: yes

azurerm_resource_group.rg: Creating...
azurerm_resource_group.rg: Creation complete after 0s [id=/subscriptions/e54f65e8-f0a6-4abc-92fc-4ece0d6988af/resourceGroups/CP2]
azurerm_network_security_group.worker1SecGroup: Creating...
azurerm_storage_account.stAccount: Creating...
azurerm_network_security_group.nfsSecGroup: Creating...
azurerm_network_security_group.masterSecGroup: Creating...
azurerm_public_ip.masterPublicIp: Creating...
azurerm_public_ip.worker1PublicIp: Creating...
azurerm_virtual_network.kubernetesnet: Creating...
azurerm_public_ip.nfsPublicIp: Creating...
azurerm_public_ip.nfsPublicIp: Creation complete after 3s [id=/subscriptions/e54f65e8-f0a6-4abc-92fc-4ece0d6988af/resourceGroups/CP2/providers/Microsoft.Network/publicIPAddresses/nfs_Public_Ip]
azurerm_public_ip.worker1PublicIp: Creation complete after 3s [id=/subscriptions/e54f65e8-f0a6-4abc-92fc-4ece0d6988af/resourceGroups/CP2/providers/Microsoft.Network/publicIPAddresses/worker1_Public_Ip]
azurerm_public_ip.masterPublicIp: Creation complete after 3s [id=/subscriptions/e54f65e8-f0a6-4abc-92fc-4ece0d6988af/resourceGroups/CP2/providers/Microsoft.Network/publicIPAddresses/master_Public_Ip]
azurerm_network_security_group.masterSecGroup: Creation complete after 5s [id=/subscriptions/e54f65e8-f0a6-4abc-92fc-4ece0d6988af/resourceGroups/CP2/providers/Microsoft.Network/networkSecurityGroups/master_sshtraffic]
azurerm_network_security_group.nfsSecGroup: Creation complete after 5s [id=/subscriptions/e54f65e8-f0a6-4abc-92fc-4ece0d6988af/resourceGroups/CP2/providers/Microsoft.Network/networkSecurityGroups/nfs_sshtraffic]
azurerm_network_security_group.worker1SecGroup: Creation complete after 6s [id=/subscriptions/e54f65e8-f0a6-4abc-92fc-4ece0d6988af/resourceGroups/CP2/providers/Microsoft.Network/networkSecurityGroups/worker1_sshtraffic]
azurerm_virtual_network.kubernetesnet: Creation complete after 8s [id=/subscriptions/e54f65e8-f0a6-4abc-92fc-4ece0d6988af/resourceGroups/CP2/providers/Microsoft.Network/virtualNetworks/CP2net]
azurerm_subnet.kubernetessubnet: Creating...
azurerm_storage_account.stAccount: Still creating... [10s elapsed]
azurerm_subnet.kubernetessubnet: Creation complete after 4s [id=/subscriptions/e54f65e8-f0a6-4abc-92fc-4ece0d6988af/resourceGroups/CP2/providers/Microsoft.Network/virtualNetworks/CP2net/subnets/CP2subnet]
azurerm_network_interface.masterNic: Creating...
azurerm_network_interface.nfsNic: Creating...
azurerm_network_interface.worker1Nic: Creating...
azurerm_network_interface.worker1Nic: Creation complete after 2s [id=/subscriptions/e54f65e8-f0a6-4abc-92fc-4ece0d6988af/resourceGroups/CP2/providers/Microsoft.Network/networkInterfaces/worker1_nic1]
azurerm_network_interface_security_group_association.worker1SecGroupAssociation: Creating...
azurerm_network_interface.masterNic: Creation complete after 3s [id=/subscriptions/e54f65e8-f0a6-4abc-92fc-4ece0d6988af/resourceGroups/CP2/providers/Microsoft.Network/networkInterfaces/master_nic1]
azurerm_network_interface_security_group_association.masterSecGroupAssociation: Creating...
azurerm_network_interface_security_group_association.worker1SecGroupAssociation: Creation complete after 1s [id=/subscriptions/e54f65e8-f0a6-4abc-92fc-4ece0d6988af/resourceGroups/CP2/providers/Microsoft.Network/networkInterfaces/worker1_nic1|/subscriptions/e54f65e8-f0a6-4abc-92fc-4ece0d6988af/resourceGroups/CP2/providers/Microsoft.Network/networkSecurityGroups/worker1_sshtraffic]
azurerm_network_interface_security_group_association.masterSecGroupAssociation: Creation complete after 0s [id=/subscriptions/e54f65e8-f0a6-4abc-92fc-4ece0d6988af/resourceGroups/CP2/providers/Microsoft.Network/networkInterfaces/master_nic1|/subscriptions/e54f65e8-f0a6-4abc-92fc-4ece0d6988af/resourceGroups/CP2/providers/Microsoft.Network/networkSecurityGroups/master_sshtraffic]
azurerm_network_interface.nfsNic: Creation complete after 4s [id=/subscriptions/e54f65e8-f0a6-4abc-92fc-4ece0d6988af/resourceGroups/CP2/providers/Microsoft.Network/networkInterfaces/nfs_nic1]
azurerm_network_interface_security_group_association.nfsSecGroupAssociation: Creating...
azurerm_network_interface_security_group_association.nfsSecGroupAssociation: Creation complete after 0s [id=/subscriptions/e54f65e8-f0a6-4abc-92fc-4ece0d6988af/resourceGroups/CP2/providers/Microsoft.Network/networkInterfaces/nfs_nic1|/subscriptions/e54f65e8-f0a6-4abc-92fc-4ece0d6988af/resourceGroups/CP2/providers/Microsoft.Network/networkSecurityGroups/nfs_sshtraffic]
azurerm_storage_account.stAccount: Still creating... [20s elapsed]
azurerm_storage_account.stAccount: Creation complete after 23s [id=/subscriptions/e54f65e8-f0a6-4abc-92fc-4ece0d6988af/resourceGroups/CP2/providers/Microsoft.Storage/storageAccounts/storageaccountcp2]
azurerm_linux_virtual_machine.masterVM: Creating...
azurerm_linux_virtual_machine.worker1VM: Creating...
azurerm_linux_virtual_machine.nfsVM: Creating...
azurerm_linux_virtual_machine.nfsVM: Still creating... [10s elapsed]
azurerm_linux_virtual_machine.masterVM: Still creating... [10s elapsed]
azurerm_linux_virtual_machine.worker1VM: Still creating... [10s elapsed]
azurerm_linux_virtual_machine.nfsVM: Still creating... [20s elapsed]
azurerm_linux_virtual_machine.masterVM: Still creating... [20s elapsed]
azurerm_linux_virtual_machine.worker1VM: Still creating... [20s elapsed]
azurerm_linux_virtual_machine.nfsVM: Still creating... [30s elapsed]
azurerm_linux_virtual_machine.masterVM: Still creating... [30s elapsed]
azurerm_linux_virtual_machine.worker1VM: Still creating... [30s elapsed]
azurerm_linux_virtual_machine.nfsVM: Still creating... [40s elapsed]
azurerm_linux_virtual_machine.masterVM: Still creating... [40s elapsed]
azurerm_linux_virtual_machine.worker1VM: Still creating... [40s elapsed]
azurerm_linux_virtual_machine.nfsVM: Still creating... [50s elapsed]
azurerm_linux_virtual_machine.masterVM: Still creating... [50s elapsed]
azurerm_linux_virtual_machine.worker1VM: Still creating... [50s elapsed]
azurerm_linux_virtual_machine.masterVM: Still creating... [1m0s elapsed]
azurerm_linux_virtual_machine.nfsVM: Still creating... [1m0s elapsed]
azurerm_linux_virtual_machine.worker1VM: Still creating... [1m0s elapsed]
azurerm_linux_virtual_machine.nfsVM: Still creating... [1m10s elapsed]
azurerm_linux_virtual_machine.masterVM: Still creating... [1m10s elapsed]
azurerm_linux_virtual_machine.worker1VM: Still creating... [1m10s elapsed]
azurerm_linux_virtual_machine.nfsVM: Still creating... [1m20s elapsed]
azurerm_linux_virtual_machine.worker1VM: Still creating... [1m20s elapsed]
azurerm_linux_virtual_machine.masterVM: Still creating... [1m20s elapsed]
azurerm_linux_virtual_machine.nfsVM: Still creating... [1m30s elapsed]
azurerm_linux_virtual_machine.worker1VM: Still creating... [1m30s elapsed]
azurerm_linux_virtual_machine.masterVM: Still creating... [1m30s elapsed]
azurerm_linux_virtual_machine.nfsVM: Still creating... [1m40s elapsed]
azurerm_linux_virtual_machine.worker1VM: Still creating... [1m40s elapsed]
azurerm_linux_virtual_machine.masterVM: Still creating... [1m40s elapsed]
azurerm_linux_virtual_machine.nfsVM: Still creating... [1m50s elapsed]
azurerm_linux_virtual_machine.worker1VM: Still creating... [1m50s elapsed]
azurerm_linux_virtual_machine.masterVM: Still creating... [1m50s elapsed]
azurerm_linux_virtual_machine.nfsVM: Creation complete after 1m53s [id=/subscriptions/e54f65e8-f0a6-4abc-92fc-4ece0d6988af/resourceGroups/CP2/providers/Microsoft.Compute/virtualMachines/NFS-vm]
azurerm_linux_virtual_machine.masterVM: Creation complete after 1m58s [id=/subscriptions/e54f65e8-f0a6-4abc-92fc-4ece0d6988af/resourceGroups/CP2/providers/Microsoft.Compute/virtualMachines/master-vm]
azurerm_linux_virtual_machine.worker1VM: Still creating... [2m0s elapsed]
azurerm_linux_virtual_machine.worker1VM: Creation complete after 2m3s [id=/subscriptions/e54f65e8-f0a6-4abc-92fc-4ece0d6988af/resourceGroups/CP2/providers/Microsoft.Compute/virtualMachines/worker1-vm]

Apply complete! Resources: 19 added, 0 changed, 0 destroyed.

Outputs:

network_interface_master = "10.0.1.10"
network_interface_nfs = "10.0.1.13"
network_interface_worker1 = "10.0.1.11"
public_ip_address_master = ""
public_ip_address_nfs = ""
public_ip_address_worker1 = ""
ubuntu@PF17J61Q:/mnt/c/datos/UNIR/devopscp2/terraform$ terraform apply
azurerm_resource_group.rg: Refreshing state... [id=/subscriptions/e54f65e8-f0a6-4abc-92fc-4ece0d6988af/resourceGroups/CP2]
azurerm_virtual_network.kubernetesnet: Refreshing state... [id=/subscriptions/e54f65e8-f0a6-4abc-92fc-4ece0d6988af/resourceGroups/CP2/providers/Microsoft.Network/virtualNetworks/CP2net]
azurerm_public_ip.masterPublicIp: Refreshing state... [id=/subscriptions/e54f65e8-f0a6-4abc-92fc-4ece0d6988af/resourceGroups/CP2/providers/Microsoft.Network/publicIPAddresses/master_Public_Ip]
azurerm_public_ip.worker1PublicIp: Refreshing state... [id=/subscriptions/e54f65e8-f0a6-4abc-92fc-4ece0d6988af/resourceGroups/CP2/providers/Microsoft.Network/publicIPAddresses/worker1_Public_Ip]
azurerm_storage_account.stAccount: Refreshing state... [id=/subscriptions/e54f65e8-f0a6-4abc-92fc-4ece0d6988af/resourceGroups/CP2/providers/Microsoft.Storage/storageAccounts/storageaccountcp2]
azurerm_network_security_group.masterSecGroup: Refreshing state... [id=/subscriptions/e54f65e8-f0a6-4abc-92fc-4ece0d6988af/resourceGroups/CP2/providers/Microsoft.Network/networkSecurityGroups/master_sshtraffic]
azurerm_network_security_group.worker1SecGroup: Refreshing state... [id=/subscriptions/e54f65e8-f0a6-4abc-92fc-4ece0d6988af/resourceGroups/CP2/providers/Microsoft.Network/networkSecurityGroups/worker1_sshtraffic]
azurerm_network_security_group.nfsSecGroup: Refreshing state... [id=/subscriptions/e54f65e8-f0a6-4abc-92fc-4ece0d6988af/resourceGroups/CP2/providers/Microsoft.Network/networkSecurityGroups/nfs_sshtraffic]
azurerm_public_ip.nfsPublicIp: Refreshing state... [id=/subscriptions/e54f65e8-f0a6-4abc-92fc-4ece0d6988af/resourceGroups/CP2/providers/Microsoft.Network/publicIPAddresses/nfs_Public_Ip]
azurerm_subnet.kubernetessubnet: Refreshing state... [id=/subscriptions/e54f65e8-f0a6-4abc-92fc-4ece0d6988af/resourceGroups/CP2/providers/Microsoft.Network/virtualNetworks/CP2net/subnets/CP2subnet]
azurerm_network_interface.worker1Nic: Refreshing state... [id=/subscriptions/e54f65e8-f0a6-4abc-92fc-4ece0d6988af/resourceGroups/CP2/providers/Microsoft.Network/networkInterfaces/worker1_nic1]
azurerm_network_interface.masterNic: Refreshing state... [id=/subscriptions/e54f65e8-f0a6-4abc-92fc-4ece0d6988af/resourceGroups/CP2/providers/Microsoft.Network/networkInterfaces/master_nic1]
azurerm_network_interface.nfsNic: Refreshing state... [id=/subscriptions/e54f65e8-f0a6-4abc-92fc-4ece0d6988af/resourceGroups/CP2/providers/Microsoft.Network/networkInterfaces/nfs_nic1]
azurerm_network_interface_security_group_association.masterSecGroupAssociation: Refreshing state... [id=/subscriptions/e54f65e8-f0a6-4abc-92fc-4ece0d6988af/resourceGroups/CP2/providers/Microsoft.Network/networkInterfaces/master_nic1|/subscriptions/e54f65e8-f0a6-4abc-92fc-4ece0d6988af/resourceGroups/CP2/providers/Microsoft.Network/networkSecurityGroups/master_sshtraffic]
azurerm_network_interface_security_group_association.nfsSecGroupAssociation: Refreshing state... [id=/subscriptions/e54f65e8-f0a6-4abc-92fc-4ece0d6988af/resourceGroups/CP2/providers/Microsoft.Network/networkInterfaces/nfs_nic1|/subscriptions/e54f65e8-f0a6-4abc-92fc-4ece0d6988af/resourceGroups/CP2/providers/Microsoft.Network/networkSecurityGroups/nfs_sshtraffic]
azurerm_network_interface_security_group_association.worker1SecGroupAssociation: Refreshing state... [id=/subscriptions/e54f65e8-f0a6-4abc-92fc-4ece0d6988af/resourceGroups/CP2/providers/Microsoft.Network/networkInterfaces/worker1_nic1|/subscriptions/e54f65e8-f0a6-4abc-92fc-4ece0d6988af/resourceGroups/CP2/providers/Microsoft.Network/networkSecurityGroups/worker1_sshtraffic]
azurerm_linux_virtual_machine.worker1VM: Refreshing state... [id=/subscriptions/e54f65e8-f0a6-4abc-92fc-4ece0d6988af/resourceGroups/CP2/providers/Microsoft.Compute/virtualMachines/worker1-vm]
azurerm_linux_virtual_machine.masterVM: Refreshing state... [id=/subscriptions/e54f65e8-f0a6-4abc-92fc-4ece0d6988af/resourceGroups/CP2/providers/Microsoft.Compute/virtualMachines/master-vm]
azurerm_linux_virtual_machine.nfsVM: Refreshing state... [id=/subscriptions/e54f65e8-f0a6-4abc-92fc-4ece0d6988af/resourceGroups/CP2/providers/Microsoft.Compute/virtualMachines/NFS-vm]

Note: Objects have changed outside of Terraform

Terraform detected the following changes made outside of Terraform since the last "terraform apply":

  # azurerm_network_interface.masterNic has changed
  ~ resource "azurerm_network_interface" "masterNic" {
        id                            = "/subscriptions/e54f65e8-f0a6-4abc-92fc-4ece0d6988af/resourceGroups/CP2/providers/Microsoft.Network/networkInterfaces/master_nic1"
      + mac_address                   = "60-45-BD-89-9D-1F"
        name                          = "master_nic1"
        tags                          = {
            "environment" = "UNIR CP2"
            "node"        = "MASTER"
        }
      + virtual_machine_id            = "/subscriptions/e54f65e8-f0a6-4abc-92fc-4ece0d6988af/resourceGroups/CP2/providers/Microsoft.Compute/virtualMachines/master-vm"
        # (9 unchanged attributes hidden)

        # (1 unchanged block hidden)
    }

  # azurerm_network_interface.nfsNic has changed
  ~ resource "azurerm_network_interface" "nfsNic" {
        id                            = "/subscriptions/e54f65e8-f0a6-4abc-92fc-4ece0d6988af/resourceGroups/CP2/providers/Microsoft.Network/networkInterfaces/nfs_nic1"
      + mac_address                   = "60-45-BD-89-94-E8"
        name                          = "nfs_nic1"
        tags                          = {
            "environment" = "UNIR CP2"
            "node"        = "NFS"
        }
      + virtual_machine_id            = "/subscriptions/e54f65e8-f0a6-4abc-92fc-4ece0d6988af/resourceGroups/CP2/providers/Microsoft.Compute/virtualMachines/NFS-vm"
        # (9 unchanged attributes hidden)

        # (1 unchanged block hidden)
    }

  # azurerm_network_interface.worker1Nic has changed
  ~ resource "azurerm_network_interface" "worker1Nic" {
        id                            = "/subscriptions/e54f65e8-f0a6-4abc-92fc-4ece0d6988af/resourceGroups/CP2/providers/Microsoft.Network/networkInterfaces/worker1_nic1"
      + mac_address                   = "60-45-BD-89-9F-FD"
        name                          = "worker1_nic1"
        tags                          = {
            "environment" = "UNIR CP2"
            "node"        = "WORKER 1"
        }
      + virtual_machine_id            = "/subscriptions/e54f65e8-f0a6-4abc-92fc-4ece0d6988af/resourceGroups/CP2/providers/Microsoft.Compute/virtualMachines/worker1-vm"
        # (9 unchanged attributes hidden)

        # (1 unchanged block hidden)
    }

  # azurerm_public_ip.masterPublicIp has changed
  ~ resource "azurerm_public_ip" "masterPublicIp" {
        id                      = "/subscriptions/e54f65e8-f0a6-4abc-92fc-4ece0d6988af/resourceGroups/CP2/providers/Microsoft.Network/publicIPAddresses/master_Public_Ip"
      + ip_address              = "20.224.134.127"
        name                    = "master_Public_Ip"
        tags                    = {
            "environment" = "UNIR CP2"
            "node"        = "MASTER"
        }
      + zones                   = []
        # (6 unchanged attributes hidden)
    }

  # azurerm_public_ip.nfsPublicIp has changed
  ~ resource "azurerm_public_ip" "nfsPublicIp" {
        id                      = "/subscriptions/e54f65e8-f0a6-4abc-92fc-4ece0d6988af/resourceGroups/CP2/providers/Microsoft.Network/publicIPAddresses/nfs_Public_Ip"
      + ip_address              = "20.126.59.21"
        name                    = "nfs_Public_Ip"
        tags                    = {
            "environment" = "UNIR CP2"
            "node"        = "NFS"
        }
      + zones                   = []
        # (6 unchanged attributes hidden)
    }

  # azurerm_public_ip.worker1PublicIp has changed
  ~ resource "azurerm_public_ip" "worker1PublicIp" {
        id                      = "/subscriptions/e54f65e8-f0a6-4abc-92fc-4ece0d6988af/resourceGroups/CP2/providers/Microsoft.Network/publicIPAddresses/worker1_Public_Ip"
      + ip_address              = "20.224.134.8"
        name                    = "worker1_Public_Ip"
        tags                    = {
            "environment" = "UNIR CP2"
            "node"        = "WORKER 1"
        }
      + zones                   = []
        # (6 unchanged attributes hidden)
    }

  # azurerm_subnet.kubernetessubnet has changed
  ~ resource "azurerm_subnet" "kubernetessubnet" {
        id                                             = "/subscriptions/e54f65e8-f0a6-4abc-92fc-4ece0d6988af/resourceGroups/CP2/providers/Microsoft.Network/virtualNetworks/CP2net/subnets/CP2subnet"
        name                                           = "CP2subnet"
      + service_endpoint_policy_ids                    = []
      + service_endpoints                              = []
        # (6 unchanged attributes hidden)
    }

  # azurerm_virtual_network.kubernetesnet has changed
  ~ resource "azurerm_virtual_network" "kubernetesnet" {
      + dns_servers           = []
        id                    = "/subscriptions/e54f65e8-f0a6-4abc-92fc-4ece0d6988af/resourceGroups/CP2/providers/Microsoft.Network/virtualNetworks/CP2net"
        name                  = "CP2net"
      ~ subnet                = [
          + {
              + address_prefix = "10.0.1.0/24"
              + id             = "/subscriptions/e54f65e8-f0a6-4abc-92fc-4ece0d6988af/resourceGroups/CP2/providers/Microsoft.Network/virtualNetworks/CP2net/subnets/CP2subnet"
              + name           = "CP2subnet"
              + security_group = ""
            },
        ]
        tags                  = {
            "environment" = "UNIR CP2"
        }
        # (5 unchanged attributes hidden)
    }


Unless you have made equivalent changes to your configuration, or ignored the relevant attributes using ignore_changes, the following plan may include actions to undo or
respond to these changes.

───────────────────────────────────────────────────────────────────────────────────────────────────────────────────────────────────────────────────────────────────────────

Changes to Outputs:
  + public_ip_address_master  = "20.224.134.127"
  + public_ip_address_nfs     = "20.126.59.21"
  + public_ip_address_worker1 = "20.224.134.8"

You can apply this plan to save these new output values to the Terraform state, without changing any real infrastructure.

Do you want to perform these actions?
  Terraform will perform the actions described above.
  Only 'yes' will be accepted to approve.

  Enter a value: yes


Apply complete! Resources: 0 added, 0 changed, 0 destroyed.

Outputs:

network_interface_master = "10.0.1.10"
network_interface_nfs = "10.0.1.13"
network_interface_worker1 = "10.0.1.11"
public_ip_address_master = "20.224.134.127"
public_ip_address_nfs = "20.126.59.21"
public_ip_address_worker1 = "20.224.134.8"